{
	"name": "WirelessSingapore",
	"version": "0.0.1",
	"lockfileVersion": 1,
	"dependencies": {
		"react-native-dimension": {
			"version": "1.0.6",
			"resolved": "https://registry.npmjs.org/react-native-dimension/-/react-native-dimension-1.0.6.tgz",
			"integrity": "sha1-BJ5AdGFgE39eHd6JmDsE/43CiNU="
		},
		"react-native-map-clustering": {
			"version": "1.1.3",
			"resolved": "https://registry.npmjs.org/react-native-map-clustering/-/react-native-map-clustering-1.1.3.tgz",
			"integrity": "sha512-qtesBZcCZJ2V7+ttoJYUWdlqxNZrVSXbvNKrWwTafWdTuNW15dXW7/lk300bXmmG/JsbehtxgRoUgplK/SdBIQ=="
		},
		"react-native-maps": {
			"version": "0.16.3",
			"resolved": "https://registry.npmjs.org/react-native-maps/-/react-native-maps-0.16.3.tgz",
			"integrity": "sha512-QCFrjEE8+30c6SpToHO0p00aRLtEQTJI9M0A4MrjH7nvlDn1akTvJZaqVZn+EWsz8SN3lihjukjgsxHmBdlMDw=="
		}
	}
}
